Microsoft Visual Studio Solution File, Format Version 12.00
# Visual Studio Version 17
VisualStudioVersion = 17.5.2.0
MinimumVisualStudioVersion = 10.0.40219.1
Project("{FAE04EC0-301F-11D3-BF4B-00C04F79EFBC}") = "Revenant-Theme-Studio", "Revenant-Theme-Studio.csproj", "{2257CDC6-73E7-BC6A-DAA9-39373FA964FC}"
EndProject
Global
        GlobalSection(SolutionConfigurationPlatforms) = preSolution
                Debug|Any CPU = Debug|Any CPU
                Release|Any CPU = Release|Any CPU
        EndGlobalSection
        GlobalSection(ProjectConfigurationPlatforms) = postSolution
                {2257CDC6-73E7-BC6A-DAA9-39373FA964FC}.Debug|Any CPU.ActiveCfg = Debug|Any CPU
                {2257CDC6-73E7-BC6A-DAA9-39373FA964FC}.Debug|Any CPU.Build.0 = Debug|Any CPU
                {2257CDC6-73E7-BC6A-DAA9-39373FA964FC}.Release|Any CPU.ActiveCfg = Release|Any CPU
                {2257CDC6-73E7-BC6A-DAA9-39373FA964FC}.Release|Any CPU.Build.0 = Release|Any CPU
        EndGlobalSection
        GlobalSection(SolutionProperties) = preSolution
                HideSolutionNode = FALSE
        EndGlobalSection
        GlobalSection(ExtensibilityGlobals) = postSolution
                SolutionGuid = {8018350C-C4A2-4D34-8081-16C883034449}
        EndGlobalSection
EndGlobal
